
Microsoft Visual Studio Solution File, Format Version 9.00
# Visual Studio 2005
# SharpDevelop 4.3
Project("{CFEE4113-1246-4D54-95CB-156813CB8593}") = "Setup", "Setup.wixproj", "{824B783D-1FBC-496B-8DA4-21C19B17F7B6}"
EndProject
Global
	GlobalSection(SolutionConfigurationPlatforms) = preSolution
		Debug|x86 = Debug|x86
		Release|x86 = Release|x86
		Debug|Any CPU = Debug|Any CPU
		Release|Any CPU = Release|Any CPU
		Debug|x64 = Debug|x64
		Release|x64 = Release|x64
	EndGlobalSection
	GlobalSection(ProjectConfigurationPlatforms) = postSolution
		{824B783D-1FBC-496B-8DA4-21C19B17F7B6}.Debug|x86.Build.0 = Debug|x86
		{824B783D-1FBC-496B-8DA4-21C19B17F7B6}.Debug|x86.ActiveCfg = Debug|x86
		{824B783D-1FBC-496B-8DA4-21C19B17F7B6}.Release|x86.Build.0 = Release|x86
		{824B783D-1FBC-496B-8DA4-21C19B17F7B6}.Release|x86.ActiveCfg = Release|x86
		{824B783D-1FBC-496B-8DA4-21C19B17F7B6}.Debug|x64.Build.0 = Debug|x64
		{824B783D-1FBC-496B-8DA4-21C19B17F7B6}.Debug|x64.ActiveCfg = Debug|x64
		{824B783D-1FBC-496B-8DA4-21C19B17F7B6}.Release|x64.Build.0 = Release|x64
		{824B783D-1FBC-496B-8DA4-21C19B17F7B6}.Release|x64.ActiveCfg = Release|x64
		{824B783D-1FBC-496B-8DA4-21C19B17F7B6}.Release|Any CPU.Build.0 = Release|Any CPU
		{824B783D-1FBC-496B-8DA4-21C19B17F7B6}.Release|Any CPU.ActiveCfg = Release|Any CPU
		{824B783D-1FBC-496B-8DA4-21C19B17F7B6}.Debug|Any CPU.Build.0 = Debug|Any CPU
		{824B783D-1FBC-496B-8DA4-21C19B17F7B6}.Debug|Any CPU.ActiveCfg = Debug|Any CPU
	EndGlobalSection
EndGlobal
